Microsoft Visual Studio Solution File, Format Version 12.00
# Visual Studio Version 17
VisualStudioVersion = 17.5.2.0
MinimumVisualStudioVersion = 10.0.40219.1
Project("{FAE04EC0-301F-11D3-BF4B-00C04F79EFBC}") = "SerilogDemoApp", "SerilogDemoApp.csproj", "{B71DC498-AF5A-D8F9-7256-501595927735}"
EndProject
Global
	GlobalSection(SolutionConfigurationPlatforms) = preSolution
		Debug|Any CPU = Debug|Any CPU
		Release|Any CPU = Release|Any CPU
	EndGlobalSection
	GlobalSection(ProjectConfigurationPlatforms) = postSolution
		{B71DC498-AF5A-D8F9-7256-501595927735}.Debug|Any CPU.ActiveCfg = Debug|Any CPU
		{B71DC498-AF5A-D8F9-7256-501595927735}.Debug|Any CPU.Build.0 = Debug|Any CPU
		{B71DC498-AF5A-D8F9-7256-501595927735}.Release|Any CPU.ActiveCfg = Release|Any CPU
		{B71DC498-AF5A-D8F9-7256-501595927735}.Release|Any CPU.Build.0 = Release|Any CPU
	EndGlobalSection
	GlobalSection(SolutionProperties) = preSolution
		HideSolutionNode = FALSE
	EndGlobalSection
	GlobalSection(ExtensibilityGlobals) = postSolution
		SolutionGuid = {54EF0E11-62C8-4D65-B186-035F335B5759}
	EndGlobalSection
EndGlobal
